{
  "lockfileVersion": 1,
  "workspaces": {
    "": {
      "name": "dyno-collage",
      "dependencies": {
        "@napi-rs/canvas": "^0.1.69",
      },
      "devDependencies": {
        "@types/bun": "latest",
        "typescript": "^5.8.3",
      },
    },
  },
  "packages": {
    "@napi-rs/canvas": ["@napi-rs/canvas@0.1.69", "", { "optionalDependencies": { "@napi-rs/canvas-android-arm64": "0.1.69", "@napi-rs/canvas-darwin-arm64": "0.1.69", "@napi-rs/canvas-darwin-x64": "0.1.69", "@napi-rs/canvas-linux-arm-gnueabihf": "0.1.69", "@napi-rs/canvas-linux-arm64-gnu": "0.1.69", "@napi-rs/canvas-linux-arm64-musl": "0.1.69", "@napi-rs/canvas-linux-riscv64-gnu": "0.1.69", "@napi-rs/canvas-linux-x64-gnu": "0.1.69", "@napi-rs/canvas-linux-x64-musl": "0.1.69", "@napi-rs/canvas-win32-x64-msvc": "0.1.69" } }, "sha512-ydvNeJMRm+l3T14yCoUKqjYQiEdXDq1isznI93LEBGYssXKfSaLNLHOkeM4z9Fnw9Pkt2EKOCAtW9cS4b00Zcg=="],

    "@napi-rs/canvas-android-arm64": ["@napi-rs/canvas-android-arm64@0.1.69", "", { "os": "android", "cpu": "arm64" }, "sha512-4icWTByY8zPvM9SelfQKf3I6kwXw0aI5drBOVrwfER5kjwXJd78FPSDSZkxDHjvIo9Q86ljl18Yr963ehA4sHQ=="],

    "@napi-rs/canvas-darwin-arm64": ["@napi-rs/canvas-darwin-arm64@0.1.69", "", { "os": "darwin", "cpu": "arm64" }, "sha512-HOanhhYlHdukA+unjelT4Dg3ta7e820x87/AG2dKUMsUzH19jaeZs9bcYjzEy2vYi/dFWKz7cSv2yaIOudB8Yg=="],

    "@napi-rs/canvas-darwin-x64": ["@napi-rs/canvas-darwin-x64@0.1.69", "", { "os": "darwin", "cpu": "x64" }, "sha512-SIp7WfhxAPnSVK9bkFfJp+84rbATCIq9jMUzDwpCLhQ+v+OqtXe4pggX1oeV+62/HK6BT1t18qRmJfyqwJ9f3g=="],

    "@napi-rs/canvas-linux-arm-gnueabihf": ["@napi-rs/canvas-linux-arm-gnueabihf@0.1.69", "", { "os": "linux", "cpu": "arm" }, "sha512-Ls+KujCp6TGpkuMVFvrlx+CxtL+casdkrprFjqIuOAnB30Mct6bCEr+I83Tu29s3nNq4EzIGjdmA3fFAZG/Dtw=="],

    "@napi-rs/canvas-linux-arm64-gnu": ["@napi-rs/canvas-linux-arm64-gnu@0.1.69", "", { "os": "linux", "cpu": "arm64" }, "sha512-m8VcGmeSBNRbHZBd1srvdM1aq/ScS2y8KqGqmCCEgJlytYK4jdULzAo2K/BPKE1v3xvn8oUPZDLI/NBJbJkEoA=="],

    "@napi-rs/canvas-linux-arm64-musl": ["@napi-rs/canvas-linux-arm64-musl@0.1.69", "", { "os": "linux", "cpu": "arm64" }, "sha512-a3xjNRIeK2m2ZORGv2moBvv3vbkaFZG1QKMeiEv/BKij+rkztuEhTJGMar+buICFgS0fLgphXXsKNkUSJb7eRQ=="],

    "@napi-rs/canvas-linux-riscv64-gnu": ["@napi-rs/canvas-linux-riscv64-gnu@0.1.69", "", { "os": "linux", "cpu": "none" }, "sha512-pClUoJF5wdC9AvD0mc15G9JffL1Q85nuH1rLSQPRkGmGmQOtRjw5E9xNbanz7oFUiPbjH7xcAXUjVAcf7tdgPQ=="],

    "@napi-rs/canvas-linux-x64-gnu": ["@napi-rs/canvas-linux-x64-gnu@0.1.69", "", { "os": "linux", "cpu": "x64" }, "sha512-96X3bFAmzemfw84Ts6Jg/omL86uuynvK06MWGR/mp3JYNumY9RXofA14eF/kJIYelbYFWXcwpbcBR71lJ6G/YQ=="],

    "@napi-rs/canvas-linux-x64-musl": ["@napi-rs/canvas-linux-x64-musl@0.1.69", "", { "os": "linux", "cpu": "x64" }, "sha512-2QTsEFO72Kwkj53W9hc5y1FAUvdGx0V+pjJB+9oQF6Ys9+y989GyPIl5wZDzeh8nIJW6koZZ1eFa8pD+pA5BFQ=="],

    "@napi-rs/canvas-win32-x64-msvc": ["@napi-rs/canvas-win32-x64-msvc@0.1.69", "", { "os": "win32", "cpu": "x64" }, "sha512-Q4YA8kVnKarApBVLu7F8icGlIfSll5Glswo5hY6gPS4Is2dCI8+ig9OeDM8RlwYevUIxKq8lZBypN8Q1iLAQ7w=="],

    "@types/bun": ["@types/bun@1.2.10", "", { "dependencies": { "bun-types": "1.2.10" } }, "sha512-eilv6WFM3M0c9ztJt7/g80BDusK98z/FrFwseZgT4bXCq2vPhXD4z8R3oddmAn+R/Nmz9vBn4kweJKmGTZj+lg=="],

    "@types/node": ["@types/node@22.14.1", "", { "dependencies": { "undici-types": "~6.21.0" } }, "sha512-u0HuPQwe/dHrItgHHpmw3N2fYCR6x4ivMNbPHRkBVP4CvN+kiRrKHWk3i8tXiO/joPwXLMYvF9TTF0eqgHIuOw=="],

    "bun-types": ["bun-types@1.2.10", "", { "dependencies": { "@types/node": "*" } }, "sha512-b5ITZMnVdf3m1gMvJHG+gIfeJHiQPJak0f7925Hxu6ZN5VKA8AGy4GZ4lM+Xkn6jtWxg5S3ldWvfmXdvnkp3GQ=="],

    "typescript": ["typescript@5.8.3", "", { "bin": { "tsc": "bin/tsc", "tsserver": "bin/tsserver" } }, "sha512-p1diW6TqL9L07nNxvRMM7hMMw4c5XOo/1ibL4aAIGmSAt9slTE1Xgw5KWuof2uTOvCg9BY7ZRi+GaF+7sfgPeQ=="],

    "undici-types": ["undici-types@6.21.0", "", {}, "sha512-iwDZqg0QAGrg9Rav5H4n0M64c3mkR59cJ6wQp+7C4nI0gsmExaedaYLNO44eT4AtBBwjbTiGPMlt2Md0T9H9JQ=="],
  }
}
